{
  "requires": true,
  "lockfileVersion": 1,
  "dependencies": {
    "lucky-canvas": {
      "version": "1.7.27",
      "resolved": "https://registry.npmjs.org/lucky-canvas/-/lucky-canvas-1.7.27.tgz",
      "integrity": "sha512-Ftz6qD+863bI7xijBmZg3dw3cNEc7odPr70EZQcGA14y3TgTAzH65HPosOCd6kKUlMwhntBaHMx3onoj9MtJRQ=="
    }
  }
}
